
Microsoft Visual Studio Solution File, Format Version 12.00
# Visual Studio Version 17
VisualStudioVersion = 17.8.34316.72
MinimumVisualStudioVersion = 10.0.40219.1
Project("{9A19103F-16F7-4668-BE54-9A1E7A4F7556}") = "Logging.AzureAppServices.Sample", "Logging.AzureAppServices.Sample\Logging.AzureAppServices.Sample.csproj", "{7D8251FE-24EC-4418-B158-D437A1EA1EB0}"
EndProject
Global
	GlobalSection(SolutionConfigurationPlatforms) = preSolution
		Debug|Any CPU = Debug|Any CPU
		Release|Any CPU = Release|Any CPU
	EndGlobalSection
	GlobalSection(ProjectConfigurationPlatforms) = postSolution
		{7D8251FE-24EC-4418-B158-D437A1EA1EB0}.Debug|Any CPU.ActiveCfg = Debug|Any CPU
		{7D8251FE-24EC-4418-B158-D437A1EA1EB0}.Debug|Any CPU.Build.0 = Debug|Any CPU
		{7D8251FE-24EC-4418-B158-D437A1EA1EB0}.Release|Any CPU.ActiveCfg = Release|Any CPU
		{7D8251FE-24EC-4418-B158-D437A1EA1EB0}.Release|Any CPU.Build.0 = Release|Any CPU
	EndGlobalSection
	GlobalSection(SolutionProperties) = preSolution
		HideSolutionNode = FALSE
	EndGlobalSection
	GlobalSection(ExtensibilityGlobals) = postSolution
		SolutionGuid = {DDD0370C-BDAA-4D2E-9C7E-9BA0778AC5B7}
	EndGlobalSection
EndGlobal
